<?xml version="1.0" encoding="utf-8"?>
<Project ToolsVersion="4.0" xmlns="http://schemas.microsoft.com/developer/msbuild/2003">
  <ItemGroup>
    <ClInclude Include="..\Public\Base.h">
      <Filter>01.Utility\99.SuperClass</Filter>
    </ClInclude>
    <ClInclude Include="..\Public\Engine_Defines.h">
      <Filter>99.Defines</Filter>
    </ClInclude>
    <ClInclude Include="..\Public\Engine_Enum.h">
      <Filter>99.Defines</Filter>
    </ClInclude>
    <ClInclude Include="..\Public\Engine_Function.h">
      <Filter>99.Defines</Filter>
    </ClInclude>
    <ClInclude Include="..\Public\Engine_Macro.h">
      <Filter>99.Defines</Filter>
    </ClInclude>
    <ClInclude Include="..\Public\Engine_Struct.h">
      <Filter>99.Defines</Filter>
    </ClInclude>
    <ClInclude Include="..\Public\Engine_Typedef.h">
      <Filter>99.Defines</Filter>
    </ClInclude>
    <ClInclude Include="..\Public\GameInstance.h">
      <Filter>01.Utility\00.GameInstance</Filter>
    </ClInclude>
    <ClInclude Include="..\Public\Timer_Manager.h">
      <Filter>00.System\01.Timer\Manager</Filter>
    </ClInclude>
    <ClInclude Include="..\Public\Timer.h">
      <Filter>00.System\01.Timer</Filter>
    </ClInclude>
    <ClInclude Include="..\Public\Component.h">
      <Filter>01.Utility\03.Components</Filter>
    </ClInclude>
    <ClInclude Include="..\Public\GameObject.h">
      <Filter>01.Utility\02.GameObjects</Filter>
    </ClInclude>
    <ClInclude Include="..\Public\Level.h">
      <Filter>01.Utility\01.Levels</Filter>
    </ClInclude>
    <ClInclude Include="..\Public\Renderer.h">
      <Filter>01.Utility\05.Renderer</Filter>
    </ClInclude>
    <ClInclude Include="..\Public\Object_Manager.h">
      <Filter>01.Utility\02.GameObjects\Manager</Filter>
    </ClInclude>
    <ClInclude Include="..\Public\Layer.h">
      <Filter>01.Utility\02.GameObjects\Manager\Layers</Filter>
    </ClInclude>
    <ClInclude Include="..\Public\Level_Manager.h">
      <Filter>01.Utility\01.Levels\Manager</Filter>
    </ClInclude>
    <ClInclude Include="..\Public\Graphic_Device.h">
      <Filter>00.System\00.Device\Graphic</Filter>
    </ClInclude>
    <ClInclude Include="..\Public\Prototype_Manager.h">
      <Filter>01.Utility\04.Prototypes\Manager</Filter>
    </ClInclude>
    <ClInclude Include="..\Public\Sound_Manager.h">
      <Filter>01.Utility\96. Sound\Manager</Filter>
    </ClInclude>
    <ClInclude Include="..\Public\Orthogonal.h">
      <Filter>01.Utility\03.Components\Orthogonal</Filter>
    </ClInclude>
    <ClInclude Include="..\Public\UIObject.h">
      <Filter>01.Utility\02.GameObjects\UIObject</Filter>
    </ClInclude>
    <ClInclude Include="..\Public\Transform.h">
      <Filter>01.Utility\03.Components\Transform</Filter>
    </ClInclude>
    <ClInclude Include="..\Public\Pooling.h">
      <Filter>01.Utility\03.Components\Pooling</Filter>
    </ClInclude>
    <ClInclude Include="..\Public\Pooling_Manager.h">
      <Filter>01.Utility\03.Components\Pooling\Manager</Filter>
    </ClInclude>
    <ClInclude Include="..\Public\Texture.h">
      <Filter>01.Utility\03.Components\Texture</Filter>
    </ClInclude>
    <ClInclude Include="..\Public\FMOD\fmod.h">
      <Filter>01.Utility\96. Sound\FMOD</Filter>
    </ClInclude>
    <ClInclude Include="..\Public\FMOD\fmod.hpp">
      <Filter>01.Utility\96. Sound\FMOD</Filter>
    </ClInclude>
    <ClInclude Include="..\Public\FMOD\fmod_codec.h">
      <Filter>01.Utility\96. Sound\FMOD</Filter>
    </ClInclude>
    <ClInclude Include="..\Public\FMOD\fmod_common.h">
      <Filter>01.Utility\96. Sound\FMOD</Filter>
    </ClInclude>
    <ClInclude Include="..\Public\FMOD\fmod_dsp.h">
      <Filter>01.Utility\96. Sound\FMOD</Filter>
    </ClInclude>
    <ClInclude Include="..\Public\FMOD\fmod_dsp_effects.h">
      <Filter>01.Utility\96. Sound\FMOD</Filter>
    </ClInclude>
    <ClInclude Include="..\Public\FMOD\fmod_errors.h">
      <Filter>01.Utility\96. Sound\FMOD</Filter>
    </ClInclude>
    <ClInclude Include="..\Public\FMOD\fmod_output.h">
      <Filter>01.Utility\96. Sound\FMOD</Filter>
    </ClInclude>
    <ClInclude Include="..\Public\VIBuffer.h">
      <Filter>01.Utility\03.Components\VIBuffer</Filter>
    </ClInclude>
    <ClInclude Include="..\Public\VIBuffer_Rect.h">
      <Filter>01.Utility\03.Components\VIBuffer\Rect</Filter>
    </ClInclude>
    <ClInclude Include="..\Public\IMGUI_Manager.h">
      <Filter>01.Utility\98. IMGUI\Manager</Filter>
    </ClInclude>
    <ClInclude Include="..\Public\IMGUI\imconfig.h">
      <Filter>01.Utility\98. IMGUI\imgui</Filter>
    </ClInclude>
    <ClInclude Include="..\Public\IMGUI\imgui.h">
      <Filter>01.Utility\98. IMGUI\imgui</Filter>
    </ClInclude>
    <ClInclude Include="..\Public\IMGUI\imgui_impl_dx11.h">
      <Filter>01.Utility\98. IMGUI\imgui</Filter>
    </ClInclude>
    <ClInclude Include="..\Public\IMGUI\imgui_impl_win32.h">
      <Filter>01.Utility\98. IMGUI\imgui</Filter>
    </ClInclude>
    <ClInclude Include="..\Public\IMGUI\imgui_internal.h">
      <Filter>01.Utility\98. IMGUI\imgui</Filter>
    </ClInclude>
    <ClInclude Include="..\Public\IMGUI\imstb_rectpack.h">
      <Filter>01.Utility\98. IMGUI\imgui</Filter>
    </ClInclude>
    <ClInclude Include="..\Public\IMGUI\imstb_textedit.h">
      <Filter>01.Utility\98. IMGUI\imgui</Filter>
    </ClInclude>
    <ClInclude Include="..\Public\IMGUI\imstb_truetype.h">
      <Filter>01.Utility\98. IMGUI\imgui</Filter>
    </ClInclude>
    <ClInclude Include="..\Public\Shader.h">
      <Filter>01.Utility\03.Components\Shader</Filter>
    </ClInclude>
    <ClInclude Include="..\Public\VIBuffer_Terrain.h">
      <Filter>01.Utility\03.Components\VIBuffer\Terrain</Filter>
    </ClInclude>
    <ClInclude Include="..\Public\PipeLine.h">
      <Filter>01.Utility\06. PipeLine</Filter>
    </ClInclude>
    <ClInclude Include="..\Public\Camera.h">
      <Filter>01.Utility\02.GameObjects\Camera</Filter>
    </ClInclude>
    <ClInclude Include="..\Public\Input_Manager.h">
      <Filter>01.Utility\97. Input\Key</Filter>
    </ClInclude>
    <ClInclude Include="..\Public\Mesh.h">
      <Filter>01.Utility\03.Components\Model\Mesh</Filter>
    </ClInclude>
    <ClInclude Include="..\Public\Picking_Manager.h">
      <Filter>01.Utility\07. Picking</Filter>
    </ClInclude>
    <ClInclude Include="..\Public\Material.h">
      <Filter>01.Utility\03.Components\Model\Material</Filter>
    </ClInclude>
    <ClInclude Include="..\Public\Bone.h">
      <Filter>01.Utility\03.Components\Model\Bone</Filter>
    </ClInclude>
    <ClInclude Include="..\Public\Animation.h">
      <Filter>01.Utility\03.Components\Model\Animation</Filter>
    </ClInclude>
    <ClInclude Include="..\Public\Channel.h">
      <Filter>01.Utility\03.Components\Model\Animation\Channel</Filter>
    </ClInclude>
    <ClInclude Include="..\Public\Font.h">
      <Filter>01.Utility\03.Components\Font</Filter>
    </ClInclude>
    <ClInclude Include="..\Public\Model.h">
      <Filter>01.Utility\03.Components\Model</Filter>
    </ClInclude>
    <ClInclude Include="..\Public\PartObject.h">
      <Filter>01.Utility\02.GameObjects\PartObject</Filter>
    </ClInclude>
    <ClInclude Include="..\Public\ContainerObject.h">
      <Filter>01.Utility\02.GameObjects\ContainerObject</Filter>
    </ClInclude>
    <ClInclude Include="..\Public\Light_Manager.h">
      <Filter>01.Utility\08. Lights\Manager</Filter>
    </ClInclude>
    <ClInclude Include="..\Public\Light.h">
      <Filter>01.Utility\08. Lights</Filter>
    </ClInclude>
    <ClInclude Include="..\Public\Cell.h">
      <Filter>01.Utility\03.Components\Navigation\Cell</Filter>
    </ClInclude>
    <ClInclude Include="..\Public\Navigation.h">
      <Filter>01.Utility\03.Components\Navigation</Filter>
    </ClInclude>
    <ClInclude Include="..\Public\VIBuffer_Cell.h">
      <Filter>01.Utility\03.Components\VIBuffer\Cell</Filter>
    </ClInclude>
    <ClInclude Include="..\Public\PhysxManager.h">
      <Filter>01.Utility\09. Physx</Filter>
    </ClInclude>
    <ClInclude Include="..\Public\Collider.h">
      <Filter>01.Utility\03.Components\Collider</Filter>
    </ClInclude>
    <ClInclude Include="..\Public\Bounding.h">
      <Filter>01.Utility\03.Components\Collider\Bounding</Filter>
    </ClInclude>
    <ClInclude Include="..\Public\Bounding_AABB.h">
      <Filter>01.Utility\03.Components\Collider\Bounding\AABB</Filter>
    </ClInclude>
  </ItemGroup>
  <ItemGroup>
    <ClCompile Include="..\Private\Base.cpp">
      <Filter>01.Utility\99.SuperClass</Filter>
    </ClCompile>
    <ClCompile Include="..\Private\GameInstance.cpp">
      <Filter>01.Utility\00.GameInstance</Filter>
    </ClCompile>
    <ClCompile Include="..\Private\Timer_Manager.cpp">
      <Filter>00.System\01.Timer\Manager</Filter>
    </ClCompile>
    <ClCompile Include="..\Private\Timer.cpp">
      <Filter>00.System\01.Timer</Filter>
    </ClCompile>
    <ClCompile Include="..\Private\GameObject.cpp">
      <Filter>01.Utility\02.GameObjects</Filter>
    </ClCompile>
    <ClCompile Include="..\Private\Level.cpp">
      <Filter>01.Utility\01.Levels</Filter>
    </ClCompile>
    <ClCompile Include="..\Private\Renderer.cpp">
      <Filter>01.Utility\05.Renderer</Filter>
    </ClCompile>
    <ClCompile Include="..\Private\Object_Manager.cpp">
      <Filter>01.Utility\02.GameObjects\Manager</Filter>
    </ClCompile>
    <ClCompile Include="..\Private\Layer.cpp">
      <Filter>01.Utility\02.GameObjects\Manager\Layers</Filter>
    </ClCompile>
    <ClCompile Include="..\Private\Level_Manager.cpp">
      <Filter>01.Utility\01.Levels\Manager</Filter>
    </ClCompile>
    <ClCompile Include="..\Private\Graphic_Device.cpp">
      <Filter>00.System\00.Device\Graphic</Filter>
    </ClCompile>
    <ClCompile Include="..\Private\Prototype_Manager.cpp">
      <Filter>01.Utility\04.Prototypes\Manager</Filter>
    </ClCompile>
    <ClCompile Include="..\Private\Sound_Manager.cpp">
      <Filter>01.Utility\96. Sound\Manager</Filter>
    </ClCompile>
    <ClCompile Include="..\Private\Orthogonal.cpp">
      <Filter>01.Utility\03.Components\Orthogonal</Filter>
    </ClCompile>
    <ClCompile Include="..\Private\UIObject.cpp">
      <Filter>01.Utility\02.GameObjects\UIObject</Filter>
    </ClCompile>
    <ClCompile Include="..\Private\Component.cpp">
      <Filter>01.Utility\03.Components</Filter>
    </ClCompile>
    <ClCompile Include="..\Private\Transform.cpp">
      <Filter>01.Utility\03.Components\Transform</Filter>
    </ClCompile>
    <ClCompile Include="..\Private\Pooling.cpp">
      <Filter>01.Utility\03.Components\Pooling</Filter>
    </ClCompile>
    <ClCompile Include="..\Private\Pooling_Manager.cpp">
      <Filter>01.Utility\03.Components\Pooling\Manager</Filter>
    </ClCompile>
    <ClCompile Include="..\Private\Texture.cpp">
      <Filter>01.Utility\03.Components\Texture</Filter>
    </ClCompile>
    <ClCompile Include="..\Private\VIBuffer.cpp">
      <Filter>01.Utility\03.Components\VIBuffer</Filter>
    </ClCompile>
    <ClCompile Include="..\Private\VIBuffer_Rect.cpp">
      <Filter>01.Utility\03.Components\VIBuffer\Rect</Filter>
    </ClCompile>
    <ClCompile Include="..\Private\IMGUI_Manager.cpp">
      <Filter>01.Utility\98. IMGUI\Manager</Filter>
    </ClCompile>
    <ClCompile Include="..\Private\Shader.cpp">
      <Filter>01.Utility\03.Components\Shader</Filter>
    </ClCompile>
    <ClCompile Include="..\Private\IMGUI\imgui.cpp">
      <Filter>01.Utility\98. IMGUI\imgui</Filter>
    </ClCompile>
    <ClCompile Include="..\Private\IMGUI\imgui_demo.cpp">
      <Filter>01.Utility\98. IMGUI\imgui</Filter>
    </ClCompile>
    <ClCompile Include="..\Private\IMGUI\imgui_draw.cpp">
      <Filter>01.Utility\98. IMGUI\imgui</Filter>
    </ClCompile>
    <ClCompile Include="..\Private\IMGUI\imgui_impl_dx11.cpp">
      <Filter>01.Utility\98. IMGUI\imgui</Filter>
    </ClCompile>
    <ClCompile Include="..\Private\IMGUI\imgui_impl_win32.cpp">
      <Filter>01.Utility\98. IMGUI\imgui</Filter>
    </ClCompile>
    <ClCompile Include="..\Private\IMGUI\imgui_tables.cpp">
      <Filter>01.Utility\98. IMGUI\imgui</Filter>
    </ClCompile>
    <ClCompile Include="..\Private\IMGUI\imgui_widgets.cpp">
      <Filter>01.Utility\98. IMGUI\imgui</Filter>
    </ClCompile>
    <ClCompile Include="..\Private\VIBuffer_Terrain.cpp">
      <Filter>01.Utility\03.Components\VIBuffer\Terrain</Filter>
    </ClCompile>
    <ClCompile Include="..\Private\PipeLine.cpp">
      <Filter>01.Utility\06. PipeLine</Filter>
    </ClCompile>
    <ClCompile Include="..\Private\Camera.cpp">
      <Filter>01.Utility\02.GameObjects\Camera</Filter>
    </ClCompile>
    <ClCompile Include="..\Private\Input_Manager.cpp">
      <Filter>01.Utility\97. Input\Key</Filter>
    </ClCompile>
    <ClCompile Include="..\Private\Mesh.cpp">
      <Filter>01.Utility\03.Components\Model\Mesh</Filter>
    </ClCompile>
    <ClCompile Include="..\Private\Picking_Manager.cpp">
      <Filter>01.Utility\07. Picking</Filter>
    </ClCompile>
    <ClCompile Include="..\Private\Material.cpp">
      <Filter>01.Utility\03.Components\Model\Material</Filter>
    </ClCompile>
    <ClCompile Include="..\Private\Bone.cpp">
      <Filter>01.Utility\03.Components\Model\Bone</Filter>
    </ClCompile>
    <ClCompile Include="..\Private\Animation.cpp">
      <Filter>01.Utility\03.Components\Model\Animation</Filter>
    </ClCompile>
    <ClCompile Include="..\Private\Channel.cpp">
      <Filter>01.Utility\03.Components\Model\Animation\Channel</Filter>
    </ClCompile>
    <ClCompile Include="..\Private\Font.cpp">
      <Filter>01.Utility\03.Components\Font</Filter>
    </ClCompile>
    <ClCompile Include="..\Private\Model.cpp">
      <Filter>01.Utility\03.Components\Model</Filter>
    </ClCompile>
    <ClCompile Include="..\Private\PartObject.cpp">
      <Filter>01.Utility\02.GameObjects\PartObject</Filter>
    </ClCompile>
    <ClCompile Include="..\Private\ContainerObject.cpp">
      <Filter>01.Utility\02.GameObjects\ContainerObject</Filter>
    </ClCompile>
    <ClCompile Include="..\Private\Light_Manager.cpp">
      <Filter>01.Utility\08. Lights\Manager</Filter>
    </ClCompile>
    <ClCompile Include="..\Private\Light.cpp">
      <Filter>01.Utility\08. Lights</Filter>
    </ClCompile>
    <ClCompile Include="..\Private\Cell.cpp">
      <Filter>01.Utility\03.Components\Navigation\Cell</Filter>
    </ClCompile>
    <ClCompile Include="..\Private\Navigation.cpp">
      <Filter>01.Utility\03.Components\Navigation</Filter>
    </ClCompile>
    <ClCompile Include="..\Private\VIBuffer_Cell.cpp">
      <Filter>01.Utility\03.Components\VIBuffer\Cell</Filter>
    </ClCompile>
    <ClCompile Include="..\Private\PhysxManager.cpp">
      <Filter>01.Utility\09. Physx</Filter>
    </ClCompile>
    <ClCompile Include="..\Private\Collider.cpp">
      <Filter>01.Utility\03.Components\Collider</Filter>
    </ClCompile>
    <ClCompile Include="..\Private\Bounding.cpp">
      <Filter>01.Utility\03.Components\Collider\Bounding</Filter>
    </ClCompile>
    <ClCompile Include="..\Private\Bounding_AABB.cpp">
      <Filter>01.Utility\03.Components\Collider\Bounding\AABB</Filter>
    </ClCompile>
  </ItemGroup>
  <ItemGroup>
    <Filter Include="00.System">
      <UniqueIdentifier>{7496302b-bbf3-4d17-b06c-776ada306fe7}</UniqueIdentifier>
    </Filter>
    <Filter Include="01.Utility">
      <UniqueIdentifier>{b96ac28b-812c-4488-9b7a-915ac186c966}</UniqueIdentifier>
    </Filter>
    <Filter Include="99.Defines">
      <UniqueIdentifier>{bc262dbf-82ca-4973-af0b-a5955fe21f48}</UniqueIdentifier>
    </Filter>
    <Filter Include="01.Utility\00.GameInstance">
      <UniqueIdentifier>{319120ff-a7f0-4a97-a897-38bfd4a9e3ce}</UniqueIdentifier>
    </Filter>
    <Filter Include="01.Utility\99.SuperClass">
      <UniqueIdentifier>{f4be3592-8a1b-4f99-a50d-6e46242fccba}</UniqueIdentifier>
    </Filter>
    <Filter Include="00.System\00.Device">
      <UniqueIdentifier>{beb170b4-0ce9-4a0a-9ebc-3d39cbef8248}</UniqueIdentifier>
    </Filter>
    <Filter Include="00.System\01.Timer">
      <UniqueIdentifier>{b9f9c58f-53bd-4729-a636-484b43e2e23d}</UniqueIdentifier>
    </Filter>
    <Filter Include="00.System\01.Timer\Manager">
      <UniqueIdentifier>{735eba6b-ad64-41e3-a769-a260db5c646c}</UniqueIdentifier>
    </Filter>
    <Filter Include="00.System\00.Device\Graphic">
      <UniqueIdentifier>{c39856ee-26b4-4735-9fa7-c1c2a4f029a9}</UniqueIdentifier>
    </Filter>
    <Filter Include="00.System\00.Device\Input">
      <UniqueIdentifier>{6b8c9942-c122-4b9c-ac40-c6875f6a64a3}</UniqueIdentifier>
    </Filter>
    <Filter Include="01.Utility\01.Levels">
      <UniqueIdentifier>{69534a59-b5fe-42e4-98d2-d352d2d2a90b}</UniqueIdentifier>
    </Filter>
    <Filter Include="01.Utility\02.GameObjects">
      <UniqueIdentifier>{62d7d084-9acc-44d9-b9c2-856102250ce2}</UniqueIdentifier>
    </Filter>
    <Filter Include="01.Utility\03.Components">
      <UniqueIdentifier>{9232881a-7808-4c76-94cc-6226f3e6970c}</UniqueIdentifier>
    </Filter>
    <Filter Include="01.Utility\04.Prototypes">
      <UniqueIdentifier>{b87607bc-05e0-4a6a-bc2c-66a8cc763c68}</UniqueIdentifier>
    </Filter>
    <Filter Include="01.Utility\05.Renderer">
      <UniqueIdentifier>{acdbe400-3fb6-4608-a5a8-38b6df045f3a}</UniqueIdentifier>
    </Filter>
    <Filter Include="01.Utility\04.Prototypes\Manager">
      <UniqueIdentifier>{184fc138-0a87-4b86-9475-c02b96445bdf}</UniqueIdentifier>
    </Filter>
    <Filter Include="01.Utility\02.GameObjects\Manager">
      <UniqueIdentifier>{efc82929-890d-4b38-9012-b28e7cfd31b9}</UniqueIdentifier>
    </Filter>
    <Filter Include="01.Utility\02.GameObjects\Manager\Layers">
      <UniqueIdentifier>{71f86de6-d79b-4a5b-bd36-741a477b174d}</UniqueIdentifier>
    </Filter>
    <Filter Include="01.Utility\01.Levels\Manager">
      <UniqueIdentifier>{5551b45b-b6f2-4aae-b287-d99e83f12793}</UniqueIdentifier>
    </Filter>
    <Filter Include="01.Utility\03.Components\Transform">
      <UniqueIdentifier>{dea4ff98-a18f-49f3-b0f7-16ea6bef5fd7}</UniqueIdentifier>
    </Filter>
    <Filter Include="01.Utility\03.Components\Orthogonal">
      <UniqueIdentifier>{036aceb2-b8d3-4694-b2d7-7b7cdc1789b1}</UniqueIdentifier>
    </Filter>
    <Filter Include="01.Utility\02.GameObjects\UIObject">
      <UniqueIdentifier>{34ea1939-a21a-4fd2-b6a2-9b7140b208e0}</UniqueIdentifier>
    </Filter>
    <Filter Include="01.Utility\03.Components\Pooling">
      <UniqueIdentifier>{8797c831-a874-44ed-8ded-a235cb30f8df}</UniqueIdentifier>
    </Filter>
    <Filter Include="01.Utility\03.Components\Pooling\Manager">
      <UniqueIdentifier>{43a4a443-5f5c-45a6-bfb6-bb9c6135afdc}</UniqueIdentifier>
    </Filter>
    <Filter Include="01.Utility\03.Components\Texture">
      <UniqueIdentifier>{c4de5a38-0f22-4ba8-aa4f-2e33b6ae2c34}</UniqueIdentifier>
    </Filter>
    <Filter Include="01.Utility\03.Components\VIBuffer">
      <UniqueIdentifier>{9434176d-fed5-4179-9cdb-c6212722cfdf}</UniqueIdentifier>
    </Filter>
    <Filter Include="01.Utility\03.Components\Shader">
      <UniqueIdentifier>{41a9f3c8-e825-4195-a136-b33c5e6a4bfa}</UniqueIdentifier>
    </Filter>
    <Filter Include="01.Utility\98. IMGUI">
      <UniqueIdentifier>{4fdcf624-1e37-4f36-95b6-6013356287d4}</UniqueIdentifier>
    </Filter>
    <Filter Include="01.Utility\98. IMGUI\Manager">
      <UniqueIdentifier>{e03c3b21-30c1-4470-93ab-85172fa07891}</UniqueIdentifier>
    </Filter>
    <Filter Include="01.Utility\98. IMGUI\imgui">
      <UniqueIdentifier>{b5ddabf2-923f-4693-b44c-134594761710}</UniqueIdentifier>
    </Filter>
    <Filter Include="01.Utility\96. Sound">
      <UniqueIdentifier>{de6ecbaf-6771-4e72-a5c8-6b6f190ef860}</UniqueIdentifier>
    </Filter>
    <Filter Include="01.Utility\96. Sound\FMOD">
      <UniqueIdentifier>{641906b2-3117-48ae-9c79-5db9591f0d0b}</UniqueIdentifier>
    </Filter>
    <Filter Include="01.Utility\96. Sound\Manager">
      <UniqueIdentifier>{561e0a0c-1beb-4e68-a91c-47712795089f}</UniqueIdentifier>
    </Filter>
    <Filter Include="01.Utility\02.GameObjects\Camera">
      <UniqueIdentifier>{d664a147-6c0e-45af-9ce9-c1fc31a05caf}</UniqueIdentifier>
    </Filter>
    <Filter Include="01.Utility\06. PipeLine">
      <UniqueIdentifier>{2dc804e8-5b70-4d3b-bb34-f57d9557ac26}</UniqueIdentifier>
    </Filter>
    <Filter Include="01.Utility\97. Input">
      <UniqueIdentifier>{f30a041c-6b74-4939-a07a-6912eba02b53}</UniqueIdentifier>
    </Filter>
    <Filter Include="01.Utility\97. Input\Key">
      <UniqueIdentifier>{e9569967-ad3f-4805-8a3d-1562d4830f60}</UniqueIdentifier>
    </Filter>
    <Filter Include="01.Utility\03.Components\Model">
      <UniqueIdentifier>{a38764fb-2a37-4c7b-8bad-45163f660b98}</UniqueIdentifier>
    </Filter>
    <Filter Include="01.Utility\07. Picking">
      <UniqueIdentifier>{b495b8ad-024f-467c-80d7-7791cf763d26}</UniqueIdentifier>
    </Filter>
    <Filter Include="01.Utility\03.Components\Font">
      <UniqueIdentifier>{c53e8430-de4d-4a3d-a4e9-9771f8116caf}</UniqueIdentifier>
    </Filter>
    <Filter Include="01.Utility\03.Components\Model\Animation">
      <UniqueIdentifier>{9649bd49-7ac8-4be5-93cb-8a10d93c455d}</UniqueIdentifier>
    </Filter>
    <Filter Include="01.Utility\03.Components\Model\Animation\Channel">
      <UniqueIdentifier>{6ae031e7-29aa-41a3-81ab-8c5ce6fd63db}</UniqueIdentifier>
    </Filter>
    <Filter Include="01.Utility\03.Components\Model\Bone">
      <UniqueIdentifier>{11ef9adb-068f-4c5f-9355-9efb497730e0}</UniqueIdentifier>
    </Filter>
    <Filter Include="01.Utility\03.Components\Model\Material">
      <UniqueIdentifier>{c0514e39-501c-4b58-8609-e2aa3c08ba99}</UniqueIdentifier>
    </Filter>
    <Filter Include="01.Utility\03.Components\Model\Mesh">
      <UniqueIdentifier>{15eb6c1e-bfed-48f0-9848-fa42c62219d3}</UniqueIdentifier>
    </Filter>
    <Filter Include="01.Utility\02.GameObjects\ContainerObject">
      <UniqueIdentifier>{ede25f87-2824-4816-b302-36cf42bdc614}</UniqueIdentifier>
    </Filter>
    <Filter Include="01.Utility\02.GameObjects\PartObject">
      <UniqueIdentifier>{c8032faf-1b70-4e97-9522-630347bca5ff}</UniqueIdentifier>
    </Filter>
    <Filter Include="01.Utility\08. Lights">
      <UniqueIdentifier>{bec2f90d-acce-44a6-94fc-9a2c988f4569}</UniqueIdentifier>
    </Filter>
    <Filter Include="01.Utility\08. Lights\Manager">
      <UniqueIdentifier>{220e56f5-67bb-4b67-bb5f-dd5421e5ae8e}</UniqueIdentifier>
    </Filter>
    <Filter Include="01.Utility\03.Components\Navigation">
      <UniqueIdentifier>{1c8e7aef-8801-4df6-b857-a2dbec0fe57d}</UniqueIdentifier>
    </Filter>
    <Filter Include="01.Utility\03.Components\Navigation\Cell">
      <UniqueIdentifier>{46f9d577-4e03-47c6-b38f-c2ad44dd28de}</UniqueIdentifier>
    </Filter>
    <Filter Include="01.Utility\03.Components\VIBuffer\Cell">
      <UniqueIdentifier>{d07b6020-4dca-4ed3-ade8-6bf6424212ca}</UniqueIdentifier>
    </Filter>
    <Filter Include="01.Utility\03.Components\VIBuffer\Rect">
      <UniqueIdentifier>{0323a8ee-49c5-49fa-b804-7c18ba9c7399}</UniqueIdentifier>
    </Filter>
    <Filter Include="01.Utility\03.Components\VIBuffer\Terrain">
      <UniqueIdentifier>{c07508f3-380b-48fb-84e5-1d7de8f19f51}</UniqueIdentifier>
    </Filter>
    <Filter Include="98.ShaderFiles">
      <UniqueIdentifier>{1ac49f64-b981-4ff6-86ca-be6cd87c65e0}</UniqueIdentifier>
    </Filter>
    <Filter Include="01.Utility\09. Physx">
      <UniqueIdentifier>{9c182b0e-becf-48d4-9791-2bf34e5d513a}</UniqueIdentifier>
    </Filter>
    <Filter Include="01.Utility\03.Components\Collider">
      <UniqueIdentifier>{73ae1cba-4697-4bee-ae91-12a341bbe426}</UniqueIdentifier>
    </Filter>
    <Filter Include="01.Utility\03.Components\Collider\Bounding">
      <UniqueIdentifier>{81af3a88-0bed-43d4-a5b5-8108fae5da4c}</UniqueIdentifier>
    </Filter>
    <Filter Include="01.Utility\03.Components\Collider\Bounding\AABB">
      <UniqueIdentifier>{0484c9e3-6f96-45a2-a2fa-34bd3749c581}</UniqueIdentifier>
    </Filter>
    <Filter Include="01.Utility\03.Components\Collider\Bounding\OBB">
      <UniqueIdentifier>{15ced516-b38f-4a59-b9b9-ee4b7d1b2489}</UniqueIdentifier>
    </Filter>
    <Filter Include="01.Utility\03.Components\Collider\Bounding\SPHERE">
      <UniqueIdentifier>{efd7e05d-9094-48df-b16c-e2f0a7d205fb}</UniqueIdentifier>
    </Filter>
  </ItemGroup>
  <ItemGroup>
    <None Include="..\Public\FMOD\fmod.cs">
      <Filter>01.Utility\96. Sound\FMOD</Filter>
    </None>
    <None Include="..\Public\FMOD\fmod_dsp.cs">
      <Filter>01.Utility\96. Sound\FMOD</Filter>
    </None>
    <None Include="..\Public\FMOD\fmod_errors.cs">
      <Filter>01.Utility\96. Sound\FMOD</Filter>
    </None>
  </ItemGroup>
  <ItemGroup>
    <Library Include="..\ThirdPartyLib\fmod_vc.lib">
      <Filter>01.Utility\96. Sound\FMOD</Filter>
    </Library>
    <Library Include="..\ThirdPartyLib\fmodL_vc.lib">
      <Filter>01.Utility\96. Sound\FMOD</Filter>
    </Library>
  </ItemGroup>
  <ItemGroup>
    <FxCompile Include="..\Bin\ShaderFiles\Shader_Cell.hlsl">
      <Filter>98.ShaderFiles</Filter>
    </FxCompile>
  </ItemGroup>
</Project>