<?xml version="1.0" encoding="utf-8"?>
<Project ToolsVersion="4.0" xmlns="http://schemas.microsoft.com/developer/msbuild/2003">
  <ItemGroup>
    <Filter Include="99.Defines">
      <UniqueIdentifier>{c97b62e1-26b8-437d-b3de-0d9d5445f414}</UniqueIdentifier>
    </Filter>
    <Filter Include="98.Default">
      <UniqueIdentifier>{728a900b-3685-4452-a6ae-b82a17c7e63f}</UniqueIdentifier>
    </Filter>
    <Filter Include="00.MainApp">
      <UniqueIdentifier>{bdd4a935-b20f-47a5-bf83-4e2952e2c6f1}</UniqueIdentifier>
    </Filter>
    <Filter Include="01.Levels">
      <UniqueIdentifier>{cb4350f1-3e29-4ead-b993-68bc255c8704}</UniqueIdentifier>
    </Filter>
    <Filter Include="01.Levels\Loading">
      <UniqueIdentifier>{cad4621e-281a-4009-9890-0044e3fce66c}</UniqueIdentifier>
    </Filter>
    <Filter Include="01.Levels\Loading\Loader">
      <UniqueIdentifier>{1c661d94-d467-4c27-a3f8-4da71a1c898a}</UniqueIdentifier>
    </Filter>
    <Filter Include="01.Levels\Logo">
      <UniqueIdentifier>{b684fa80-8a44-48d3-8763-79acbba3a849}</UniqueIdentifier>
    </Filter>
    <Filter Include="01.Levels\GamePlay">
      <UniqueIdentifier>{490444ba-eab1-44cf-9259-6b16f02e8e25}</UniqueIdentifier>
    </Filter>
    <Filter Include="02.GameObjects">
      <UniqueIdentifier>{6822825a-d704-42c1-aab4-274a2e135da0}</UniqueIdentifier>
    </Filter>
    <Filter Include="02.GameObjects\Dummy">
      <UniqueIdentifier>{5543306a-a425-4cee-8998-381822428b8b}</UniqueIdentifier>
    </Filter>
    <Filter Include="97. ShaderFiles">
      <UniqueIdentifier>{0f420791-b552-4eaa-bcc7-610874980509}</UniqueIdentifier>
    </Filter>
    <Filter Include="02.GameObjects\UI">
      <UniqueIdentifier>{a5245a04-44ff-4dac-a1cc-fc79ffa02537}</UniqueIdentifier>
    </Filter>
    <Filter Include="02.GameObjects\UI\Panel">
      <UniqueIdentifier>{7220dfb5-85dd-4625-9d28-4b3e341206dc}</UniqueIdentifier>
    </Filter>
    <Filter Include="02.GameObjects\UI\Button">
      <UniqueIdentifier>{ed40d40b-50c0-454e-bf89-d2f71e12461a}</UniqueIdentifier>
    </Filter>
    <Filter Include="02.GameObjects\UI\Text">
      <UniqueIdentifier>{c83ffc33-2d2e-4fc5-8744-bc5511817d7f}</UniqueIdentifier>
    </Filter>
    <Filter Include="02.GameObjects\UI\Button\TestButton">
      <UniqueIdentifier>{92abfbf0-ae57-4c8a-b809-38cb15a9f35c}</UniqueIdentifier>
    </Filter>
    <Filter Include="02.GameObjects\UI\Panel\TestPanel">
      <UniqueIdentifier>{b738a00a-9ca2-4cdd-b6ea-3f55ac294b8a}</UniqueIdentifier>
    </Filter>
    <Filter Include="02.GameObjects\UI\Panel\Timer">
      <UniqueIdentifier>{2c798d31-be7c-4382-83f9-7a0532ff9c8a}</UniqueIdentifier>
    </Filter>
    <Filter Include="02.GameObjects\UI\Panel\Timer\Decimal">
      <UniqueIdentifier>{51689b29-f10e-4582-bdb2-01195431b36a}</UniqueIdentifier>
    </Filter>
    <Filter Include="02.GameObjects\Terrain">
      <UniqueIdentifier>{8bb7da64-ac69-4148-8045-6085d8d01192}</UniqueIdentifier>
    </Filter>
    <Filter Include="02.GameObjects\Camera">
      <UniqueIdentifier>{93509e39-d89a-4305-89c2-4b7e6016d2e6}</UniqueIdentifier>
    </Filter>
    <Filter Include="02.GameObjects\UI\Panel\LOADING">
      <UniqueIdentifier>{b03aa11f-bc35-443c-8df4-047d761a464d}</UniqueIdentifier>
    </Filter>
    <Filter Include="02.GameObjects\UI\Panel\LOADING\LoadingBarPanel">
      <UniqueIdentifier>{8703400d-4149-46a2-b9b9-867de11189e8}</UniqueIdentifier>
    </Filter>
    <Filter Include="02.GameObjects\UI\Panel\LOADING\LoadingPanel">
      <UniqueIdentifier>{67a42273-04d5-4cb2-a414-a16a48b0ebc9}</UniqueIdentifier>
    </Filter>
    <Filter Include="02.GameObjects\UI\Panel\LOADING\LoadingPanel\RotationIcon">
      <UniqueIdentifier>{f37c3ae7-62b2-4e5c-970b-076eaac98797}</UniqueIdentifier>
    </Filter>
    <Filter Include="02.GameObjects\UI\Panel\LOGO">
      <UniqueIdentifier>{bf073919-8eac-406a-b9ef-aab9cd06f531}</UniqueIdentifier>
    </Filter>
    <Filter Include="02.GameObjects\UI\Panel\LOGO\LogoPanel">
      <UniqueIdentifier>{70765e00-dd00-452d-a5e5-28289662349c}</UniqueIdentifier>
    </Filter>
    <Filter Include="02.GameObjects\UI\Panel\LOGO\LogoPanel\PressAnyButton">
      <UniqueIdentifier>{206f0f53-24f0-4c54-822f-ec1f3e1d40f4}</UniqueIdentifier>
    </Filter>
    <Filter Include="02.GameObjects\UI\Panel\LOGO\LogoPanel\Title">
      <UniqueIdentifier>{71ec2d16-f97f-4f7f-bc7b-fd35d4ab518d}</UniqueIdentifier>
    </Filter>
    <Filter Include="03. Quest">
      <UniqueIdentifier>{b5ecb75a-93ed-45be-8999-be4af82451ce}</UniqueIdentifier>
    </Filter>
    <Filter Include="96. GameManager">
      <UniqueIdentifier>{cbbcf245-a0c9-476e-9bd0-e4b7f4ee4ef1}</UniqueIdentifier>
    </Filter>
    <Filter Include="02.GameObjects\Character">
      <UniqueIdentifier>{7febea39-ff99-491d-9fa7-837adb0fe75e}</UniqueIdentifier>
    </Filter>
    <Filter Include="02.GameObjects\Character\Player">
      <UniqueIdentifier>{39f86bc5-1f38-4606-85c7-c84d7b014e48}</UniqueIdentifier>
    </Filter>
    <Filter Include="02.GameObjects\Character\Skill">
      <UniqueIdentifier>{3cfbfd6f-0c65-4c0d-addc-22c944de628d}</UniqueIdentifier>
    </Filter>
    <Filter Include="02.GameObjects\UI\Panel\GAMEPLAY">
      <UniqueIdentifier>{ec2f7ddd-4c4e-4c70-b493-20b5068f14dc}</UniqueIdentifier>
    </Filter>
    <Filter Include="02.GameObjects\UI\Panel\GAMEPLAY\SkillSlotPanel">
      <UniqueIdentifier>{d2a5ee04-8fd4-47d6-b481-c423cf0581b6}</UniqueIdentifier>
    </Filter>
    <Filter Include="02.GameObjects\UI\Panel\GAMEPLAY\SkillSlotPanel\SkillSlot">
      <UniqueIdentifier>{f14b89e7-2e67-4cf8-9468-1a82f3937eed}</UniqueIdentifier>
    </Filter>
    <Filter Include="02.GameObjects\UI\Panel\ProgressBar">
      <UniqueIdentifier>{fa5b1260-e0e3-4753-ae0b-a2b06e181e9b}</UniqueIdentifier>
    </Filter>
    <Filter Include="02.GameObjects\UI\Panel\GAMEPLAY\AttackTypePanel">
      <UniqueIdentifier>{db06d948-9262-4c30-9730-ffbc41d02b0d}</UniqueIdentifier>
    </Filter>
    <Filter Include="02.GameObjects\UI\Panel\GAMEPLAY\MissionAlertPanel">
      <UniqueIdentifier>{9378c90d-6e09-4c8b-ad02-037a77452425}</UniqueIdentifier>
    </Filter>
    <Filter Include="02.GameObjects\UI\Panel\GAMEPLAY\ComboKOPanel">
      <UniqueIdentifier>{5d21c979-df97-4f3f-9042-1f55f4603c6f}</UniqueIdentifier>
    </Filter>
    <Filter Include="02.GameObjects\UI\Panel\GAMEPLAY\ComboKOPanel\KO">
      <UniqueIdentifier>{f64198ff-95e5-4d40-a247-e90e0937e3eb}</UniqueIdentifier>
    </Filter>
    <Filter Include="01.Levels\OutfitSelect">
      <UniqueIdentifier>{86e00ab3-f0a9-436b-89c3-30077c30a8b5}</UniqueIdentifier>
    </Filter>
    <Filter Include="02.GameObjects\UI\Panel\OUTFIT_SELECT">
      <UniqueIdentifier>{d8397129-7560-4315-8e6d-aaf995cf86ae}</UniqueIdentifier>
    </Filter>
    <Filter Include="02.GameObjects\Camera\OutfitSelect">
      <UniqueIdentifier>{3265bd8b-e104-49ed-9c30-c8ccf617e15d}</UniqueIdentifier>
    </Filter>
    <Filter Include="02.GameObjects\Camera\Test">
      <UniqueIdentifier>{2fbb6edc-fe80-4fab-965d-60e8ca2df4eb}</UniqueIdentifier>
    </Filter>
    <Filter Include="02.GameObjects\UI\Panel\OUTFIT_SELECT\OutfitSelectPanel">
      <UniqueIdentifier>{6dd9bf23-1e62-4e59-b2b0-5d66eaab6c48}</UniqueIdentifier>
    </Filter>
    <Filter Include="02.GameObjects\UI\Panel\OUTFIT_SELECT\OutfitSelectPanel\CreateCharacter">
      <UniqueIdentifier>{ed47bbbe-a05a-4ad1-8275-f193f23d1a3f}</UniqueIdentifier>
    </Filter>
    <Filter Include="02.GameObjects\UI\Panel\OUTFIT_SELECT\ModelPanel">
      <UniqueIdentifier>{1f81e593-7df5-4323-8300-0be9db4083d7}</UniqueIdentifier>
    </Filter>
    <Filter Include="02.GameObjects\UI\Panel\OUTFIT_SELECT\ModelPanel\ModelSelectButton">
      <UniqueIdentifier>{ace9bda7-397a-46de-ae2a-b99fdde65f60}</UniqueIdentifier>
    </Filter>
    <Filter Include="02.GameObjects\UI\Panel\OUTFIT_SELECT\ModelPanel\ModelDecideButton">
      <UniqueIdentifier>{b57199bc-be64-49ca-a20f-5c6529932061}</UniqueIdentifier>
    </Filter>
    <Filter Include="02.GameObjects\Mannequin">
      <UniqueIdentifier>{ea9082e8-e6a3-4f60-b167-7b855b91c3d8}</UniqueIdentifier>
    </Filter>
    <Filter Include="02.GameObjects\MapObjects">
      <UniqueIdentifier>{4c1a73d1-5685-4c4a-9433-17d9e4d7f81d}</UniqueIdentifier>
    </Filter>
    <Filter Include="02.GameObjects\MapObjects\Props">
      <UniqueIdentifier>{4e677acd-09fd-49bb-824a-a1cf58e54e3e}</UniqueIdentifier>
    </Filter>
    <Filter Include="02.GameObjects\MapObjects\Gate">
      <UniqueIdentifier>{235ba622-55b1-46bb-8095-16f35f80dad1}</UniqueIdentifier>
    </Filter>
    <Filter Include="02.GameObjects\MapObjects\Tree">
      <UniqueIdentifier>{abff9e1c-d249-4b3f-803d-7d9be4d3b3db}</UniqueIdentifier>
    </Filter>
    <Filter Include="02.GameObjects\Map">
      <UniqueIdentifier>{b036b9ec-e2f3-471a-b67a-147c76be412a}</UniqueIdentifier>
    </Filter>
    <Filter Include="02.GameObjects\Map\KonohaVillage">
      <UniqueIdentifier>{569f86bd-3122-4a1c-a169-8fb992524cd4}</UniqueIdentifier>
    </Filter>
    <Filter Include="02.GameObjects\Map\TutorialMap">
      <UniqueIdentifier>{be3db220-9732-4da8-8bdf-d04af97df2e5}</UniqueIdentifier>
    </Filter>
    <Filter Include="02.GameObjects\Character\Player\State">
      <UniqueIdentifier>{d397b3c9-d69e-4e6f-9147-b1e499ac4f74}</UniqueIdentifier>
    </Filter>
    <Filter Include="02.GameObjects\Camera\Main">
      <UniqueIdentifier>{057d0137-73e7-40b5-aa4e-c380d79f02c5}</UniqueIdentifier>
    </Filter>
    <Filter Include="02.GameObjects\Character\Player\State\SKILL">
      <UniqueIdentifier>{703616e2-837a-4ffd-9df6-a631bcf32bba}</UniqueIdentifier>
    </Filter>
    <Filter Include="02.GameObjects\Character\Player\State\BASE">
      <UniqueIdentifier>{53a4a15b-6410-4777-8352-c09deff2360d}</UniqueIdentifier>
    </Filter>
    <Filter Include="02.GameObjects\Character\Player\State\BASE\JumpState">
      <UniqueIdentifier>{d6eaedd5-3cb7-45d5-994a-41c670650541}</UniqueIdentifier>
    </Filter>
    <Filter Include="02.GameObjects\Character\Player\State\BASE\JumpState\Front">
      <UniqueIdentifier>{b0efc39b-b8e1-4b88-a35b-f4730b3adf10}</UniqueIdentifier>
    </Filter>
    <Filter Include="02.GameObjects\Character\Player\State\BASE\JumpState\Vertical">
      <UniqueIdentifier>{2d8bd7fb-991b-4409-9936-2b795a7d7ad2}</UniqueIdentifier>
    </Filter>
    <Filter Include="02.GameObjects\Character\Player\State\BASE\LandState">
      <UniqueIdentifier>{4dd51abf-7b30-4313-81c8-b26c0c119fe9}</UniqueIdentifier>
    </Filter>
    <Filter Include="02.GameObjects\Character\Player\State\BASE\HandAttackState">
      <UniqueIdentifier>{ef9fe663-4c38-43e4-a95f-54c9c27bc996}</UniqueIdentifier>
    </Filter>
    <Filter Include="02.GameObjects\Character\Player\State\BASE\HandAttackState\HandAerialAttackState">
      <UniqueIdentifier>{b0a2f586-19f9-4785-8748-9c90573dbaa5}</UniqueIdentifier>
    </Filter>
    <Filter Include="02.GameObjects\Character\Player\State\SKILL\ChidoriState">
      <UniqueIdentifier>{c51402ff-c0df-47ec-afe5-920ecc2d0425}</UniqueIdentifier>
    </Filter>
    <Filter Include="02.GameObjects\Character\Player\State\BASE\RunState">
      <UniqueIdentifier>{462f1460-9d45-4a06-b324-43af5eda9dad}</UniqueIdentifier>
    </Filter>
    <Filter Include="02.GameObjects\Character\Player\State\BASE\StepState">
      <UniqueIdentifier>{30d50919-de9d-48af-a559-b261acf0ae68}</UniqueIdentifier>
    </Filter>
    <Filter Include="02.GameObjects\Character\Player\State\BASE\SwordAttackState">
      <UniqueIdentifier>{1eb9e147-ce91-4d6e-ae67-189e23ad1986}</UniqueIdentifier>
    </Filter>
    <Filter Include="02.GameObjects\Character\Player\State\SKILL\FireBallState">
      <UniqueIdentifier>{f55ba831-b028-435e-be7e-af0fd786e440}</UniqueIdentifier>
    </Filter>
    <Filter Include="02.GameObjects\Character\Player\State\SKILL\ChidoriState\Ready">
      <UniqueIdentifier>{5e37f687-4f45-4ef6-ae76-dd4e18b20f06}</UniqueIdentifier>
    </Filter>
    <Filter Include="02.GameObjects\Character\Player\State\BASE\IdleState">
      <UniqueIdentifier>{279f3fd9-01b0-4a58-a61e-0dd349b1cb71}</UniqueIdentifier>
    </Filter>
    <Filter Include="02.GameObjects\Character\Player\State\SKILL\SuperSharkState">
      <UniqueIdentifier>{e4c85660-daf2-48af-b5f0-979a8049d7d5}</UniqueIdentifier>
    </Filter>
    <Filter Include="02.GameObjects\Character\Player\State\SKILL\RasenganState">
      <UniqueIdentifier>{c60ba328-56b4-446b-bfa3-4e450efd7639}</UniqueIdentifier>
    </Filter>
    <Filter Include="02.GameObjects\Character\Player\State\SKILL\RasenShurikentState">
      <UniqueIdentifier>{bbbd68ba-d518-4acf-bd05-1b61f1dc670a}</UniqueIdentifier>
    </Filter>
    <Filter Include="02.GameObjects\Character\Player\State\SKILL\KamuiState">
      <UniqueIdentifier>{d3f1f626-74e1-4115-b8aa-b6988da4d8e3}</UniqueIdentifier>
    </Filter>
    <Filter Include="02.GameObjects\Character\Player\State\BASE\BeatenState">
      <UniqueIdentifier>{07e0b415-5245-4335-b742-1ae956678a0e}</UniqueIdentifier>
    </Filter>
    <Filter Include="02.GameObjects\Character\Player\State\BASE\DuckingState">
      <UniqueIdentifier>{fc45bd3c-75b2-4d36-bc0b-93ef24ceeaba}</UniqueIdentifier>
    </Filter>
    <Filter Include="02.GameObjects\Effect">
      <UniqueIdentifier>{fd3144ba-221a-4729-9e60-5da79d058cf2}</UniqueIdentifier>
    </Filter>
    <Filter Include="02.GameObjects\Enemy">
      <UniqueIdentifier>{34935787-5105-4ed4-aea5-eae298f28013}</UniqueIdentifier>
    </Filter>
    <Filter Include="02.GameObjects\Enemy\Jetsu">
      <UniqueIdentifier>{e6ff5d31-87cf-441c-bcbc-049833278571}</UniqueIdentifier>
    </Filter>
    <Filter Include="02.GameObjects\Enemy\Jetsu\State">
      <UniqueIdentifier>{de360d71-d62a-41fc-8aff-88c07c3d3e9f}</UniqueIdentifier>
    </Filter>
    <Filter Include="02.GameObjects\Enemy\Jetsu\State\Idle">
      <UniqueIdentifier>{4e1b6ada-b7a9-43bc-a884-2e939f1623e2}</UniqueIdentifier>
    </Filter>
    <Filter Include="02.GameObjects\Enemy\Jetsu\State\Attack">
      <UniqueIdentifier>{b3097455-a8d4-45b1-9096-d64d72005e81}</UniqueIdentifier>
    </Filter>
    <Filter Include="02.GameObjects\Enemy\Jetsu\State\Run">
      <UniqueIdentifier>{38c1c968-546d-45e4-80b5-bddee566d2f4}</UniqueIdentifier>
    </Filter>
    <Filter Include="02.GameObjects\Enemy\HPBar">
      <UniqueIdentifier>{3206a7e6-945e-4907-9df7-3067c7739f1f}</UniqueIdentifier>
    </Filter>
    <Filter Include="02.GameObjects\Enemy\Bird">
      <UniqueIdentifier>{a72ef035-7afc-4e5f-84ce-51f2dfa80273}</UniqueIdentifier>
    </Filter>
    <Filter Include="02.GameObjects\Enemy\Bird\State">
      <UniqueIdentifier>{2ba88135-4be6-40e4-a0ec-ff0f6191db55}</UniqueIdentifier>
    </Filter>
    <Filter Include="02.GameObjects\Enemy\Bird\State\Attack">
      <UniqueIdentifier>{a586552e-af54-4e6a-a96e-421875cfa2ab}</UniqueIdentifier>
    </Filter>
    <Filter Include="02.GameObjects\Enemy\Bird\State\Idle">
      <UniqueIdentifier>{2898f63f-4f4e-464c-b95d-bb45576ad7af}</UniqueIdentifier>
    </Filter>
    <Filter Include="02.GameObjects\Enemy\Bird\State\Run">
      <UniqueIdentifier>{4b49e70c-53c0-4a58-89ce-8f1e511abe06}</UniqueIdentifier>
    </Filter>
    <Filter Include="96. GameManager\Managers">
      <UniqueIdentifier>{a0ea510a-afe8-4f4a-a807-4d58ae933da1}</UniqueIdentifier>
    </Filter>
    <Filter Include="02.GameObjects\Enemy\Boxer">
      <UniqueIdentifier>{fb08bc9e-1599-48c1-88ee-8d73d9c294ab}</UniqueIdentifier>
    </Filter>
    <Filter Include="02.GameObjects\Enemy\Boxer\State">
      <UniqueIdentifier>{eb01dd6c-6f1e-4df9-a755-ffc7db1e801a}</UniqueIdentifier>
    </Filter>
    <Filter Include="02.GameObjects\Character\Parts">
      <UniqueIdentifier>{f147d662-5586-4b75-aba1-4624b3bf91b9}</UniqueIdentifier>
    </Filter>
    <Filter Include="02.GameObjects\Character\Parts\Upper">
      <UniqueIdentifier>{4fb66942-45ee-400c-8131-3eceed95e315}</UniqueIdentifier>
    </Filter>
    <Filter Include="02.GameObjects\Character\Parts\Lower">
      <UniqueIdentifier>{995a8e34-3f70-4b67-879a-a7e250884cec}</UniqueIdentifier>
    </Filter>
    <Filter Include="02.GameObjects\Character\Parts\Head">
      <UniqueIdentifier>{d33c8295-219c-42e1-b74d-d7846ea6f1d2}</UniqueIdentifier>
    </Filter>
    <Filter Include="02.GameObjects\Character\Parts\Face">
      <UniqueIdentifier>{8c0aee0e-7dfa-4d5c-98bc-c68ca23bca82}</UniqueIdentifier>
    </Filter>
    <Filter Include="02.GameObjects\Character\Parts\Weapon">
      <UniqueIdentifier>{4bb12619-e08d-491b-8e3d-e478c4cfb16a}</UniqueIdentifier>
    </Filter>
  </ItemGroup>
  <ItemGroup>
    <ClInclude Include="Client.h">
      <Filter>98.Default</Filter>
    </ClInclude>
    <ClInclude Include="framework.h">
      <Filter>98.Default</Filter>
    </ClInclude>
    <ClInclude Include="Resource.h">
      <Filter>98.Default</Filter>
    </ClInclude>
    <ClInclude Include="targetver.h">
      <Filter>98.Default</Filter>
    </ClInclude>
    <ClInclude Include="..\Public\MainApp.h">
      <Filter>00.MainApp</Filter>
    </ClInclude>
    <ClInclude Include="..\Public\Level_Logo.h">
      <Filter>01.Levels\Logo</Filter>
    </ClInclude>
    <ClInclude Include="..\Public\Level_Loading.h">
      <Filter>01.Levels\Loading</Filter>
    </ClInclude>
    <ClInclude Include="..\Public\Level_GamePlay.h">
      <Filter>01.Levels\GamePlay</Filter>
    </ClInclude>
    <ClInclude Include="..\Public\Loader.h">
      <Filter>01.Levels\Loading\Loader</Filter>
    </ClInclude>
    <ClInclude Include="..\Public\Client_Defines.h">
      <Filter>99.Defines</Filter>
    </ClInclude>
    <ClInclude Include="..\Public\Dummy.h">
      <Filter>02.GameObjects\Dummy</Filter>
    </ClInclude>
    <ClInclude Include="..\Public\Panel.h">
      <Filter>02.GameObjects\UI\Panel</Filter>
    </ClInclude>
    <ClInclude Include="..\Public\Button.h">
      <Filter>02.GameObjects\UI\Button</Filter>
    </ClInclude>
    <ClInclude Include="..\Public\TestButton.h">
      <Filter>02.GameObjects\UI\Button\TestButton</Filter>
    </ClInclude>
    <ClInclude Include="..\Public\TestPanel.h">
      <Filter>02.GameObjects\UI\Panel\TestPanel</Filter>
    </ClInclude>
    <ClInclude Include="..\Public\TimerPanel.h">
      <Filter>02.GameObjects\UI\Panel\Timer</Filter>
    </ClInclude>
    <ClInclude Include="..\Public\Terrain.h">
      <Filter>02.GameObjects\Terrain</Filter>
    </ClInclude>
    <ClInclude Include="..\Public\LogoPanel.h">
      <Filter>02.GameObjects\UI\Panel\LOGO\LogoPanel</Filter>
    </ClInclude>
    <ClInclude Include="..\Public\TitleUI.h">
      <Filter>02.GameObjects\UI\Panel\LOGO\LogoPanel\Title</Filter>
    </ClInclude>
    <ClInclude Include="..\Public\PressAnyButtonUI.h">
      <Filter>02.GameObjects\UI\Panel\LOGO\LogoPanel\PressAnyButton</Filter>
    </ClInclude>
    <ClInclude Include="..\Public\LoadingPanel.h">
      <Filter>02.GameObjects\UI\Panel\LOADING\LoadingPanel</Filter>
    </ClInclude>
    <ClInclude Include="..\Public\RotationIconUI.h">
      <Filter>02.GameObjects\UI\Panel\LOADING\LoadingPanel\RotationIcon</Filter>
    </ClInclude>
    <ClInclude Include="..\Public\LoadingBarPanel.h">
      <Filter>02.GameObjects\UI\Panel\LOADING\LoadingBarPanel</Filter>
    </ClInclude>
    <ClInclude Include="..\Public\GameManager.h">
      <Filter>96. GameManager</Filter>
    </ClInclude>
    <ClInclude Include="..\Public\QuestLog.h">
      <Filter>03. Quest</Filter>
    </ClInclude>
    <ClInclude Include="..\Public\ProgressBarUI.h">
      <Filter>02.GameObjects\UI\Panel\ProgressBar</Filter>
    </ClInclude>
    <ClInclude Include="..\Public\DecimalUI.h">
      <Filter>02.GameObjects\UI\Panel\Timer\Decimal</Filter>
    </ClInclude>
    <ClInclude Include="..\Public\Player.h">
      <Filter>02.GameObjects\Character\Player</Filter>
    </ClInclude>
    <ClInclude Include="..\Public\Character.h">
      <Filter>02.GameObjects\Character</Filter>
    </ClInclude>
    <ClInclude Include="..\Public\Skill_Table.h">
      <Filter>02.GameObjects\Character\Skill</Filter>
    </ClInclude>
    <ClInclude Include="..\Public\SkillSlotUI.h">
      <Filter>02.GameObjects\UI\Panel\GAMEPLAY\SkillSlotPanel\SkillSlot</Filter>
    </ClInclude>
    <ClInclude Include="..\Public\SkillSlotPanel.h">
      <Filter>02.GameObjects\UI\Panel\GAMEPLAY\SkillSlotPanel</Filter>
    </ClInclude>
    <ClInclude Include="..\Public\AttackTypePanel.h">
      <Filter>02.GameObjects\UI\Panel\GAMEPLAY\AttackTypePanel</Filter>
    </ClInclude>
    <ClInclude Include="..\Public\MissionAlertPanel.h">
      <Filter>02.GameObjects\UI\Panel\GAMEPLAY\MissionAlertPanel</Filter>
    </ClInclude>
    <ClInclude Include="..\Public\ComboKOPanel.h">
      <Filter>02.GameObjects\UI\Panel\GAMEPLAY\ComboKOPanel</Filter>
    </ClInclude>
    <ClInclude Include="..\Public\KonohaVillage.h">
      <Filter>02.GameObjects\Map\KonohaVillage</Filter>
    </ClInclude>
    <ClInclude Include="..\Public\KOUI.h">
      <Filter>02.GameObjects\UI\Panel\GAMEPLAY\ComboKOPanel\KO</Filter>
    </ClInclude>
    <ClInclude Include="..\Public\Level_OutfitSelect.h">
      <Filter>01.Levels\OutfitSelect</Filter>
    </ClInclude>
    <ClInclude Include="..\Public\OutfitSelectPanel.h">
      <Filter>02.GameObjects\UI\Panel\OUTFIT_SELECT\OutfitSelectPanel</Filter>
    </ClInclude>
    <ClInclude Include="..\Public\Mannequin.h">
      <Filter>02.GameObjects\Mannequin</Filter>
    </ClInclude>
    <ClInclude Include="..\Public\OutfitSelectCamera.h">
      <Filter>02.GameObjects\Camera\OutfitSelect</Filter>
    </ClInclude>
    <ClInclude Include="..\Public\TestCamera.h">
      <Filter>02.GameObjects\Camera\Test</Filter>
    </ClInclude>
    <ClInclude Include="..\Public\CreateCharacterUI.h">
      <Filter>02.GameObjects\UI\Panel\OUTFIT_SELECT\OutfitSelectPanel\CreateCharacter</Filter>
    </ClInclude>
    <ClInclude Include="..\Public\ModelPanel.h">
      <Filter>02.GameObjects\UI\Panel\OUTFIT_SELECT\ModelPanel</Filter>
    </ClInclude>
    <ClInclude Include="..\Public\ModelSelectButtonUI.h">
      <Filter>02.GameObjects\UI\Panel\OUTFIT_SELECT\ModelPanel\ModelSelectButton</Filter>
    </ClInclude>
    <ClInclude Include="..\Public\ModelDecideButtonUI.h">
      <Filter>02.GameObjects\UI\Panel\OUTFIT_SELECT\ModelPanel\ModelDecideButton</Filter>
    </ClInclude>
    <ClInclude Include="..\Public\Props.h">
      <Filter>02.GameObjects\MapObjects\Props</Filter>
    </ClInclude>
    <ClInclude Include="..\Public\Gate.h">
      <Filter>02.GameObjects\MapObjects\Gate</Filter>
    </ClInclude>
    <ClInclude Include="..\Public\Tree.h">
      <Filter>02.GameObjects\MapObjects\Tree</Filter>
    </ClInclude>
    <ClInclude Include="..\Public\TutorialMap.h">
      <Filter>02.GameObjects\Map\TutorialMap</Filter>
    </ClInclude>
    <ClInclude Include="..\Public\Upper_Character.h">
      <Filter>02.GameObjects\Character\Parts\Upper</Filter>
    </ClInclude>
    <ClInclude Include="..\Public\Lower_Character.h">
      <Filter>02.GameObjects\Character\Parts\Lower</Filter>
    </ClInclude>
    <ClInclude Include="..\Public\Parts_Character.h">
      <Filter>02.GameObjects\Character\Parts</Filter>
    </ClInclude>
    <ClInclude Include="..\Public\PlayerState.h">
      <Filter>02.GameObjects\Character\Player\State</Filter>
    </ClInclude>
    <ClInclude Include="..\Public\Player_IdleState.h">
      <Filter>02.GameObjects\Character\Player\State\BASE\IdleState</Filter>
    </ClInclude>
    <ClInclude Include="..\Public\Player_RunState.h">
      <Filter>02.GameObjects\Character\Player\State\BASE\RunState</Filter>
    </ClInclude>
    <ClInclude Include="..\Public\MainCamera.h">
      <Filter>02.GameObjects\Camera\Main</Filter>
    </ClInclude>
    <ClInclude Include="..\Public\Player_LandState.h">
      <Filter>02.GameObjects\Character\Player\State\BASE\LandState</Filter>
    </ClInclude>
    <ClInclude Include="..\Public\Player_JumpState.h">
      <Filter>02.GameObjects\Character\Player\State\BASE\JumpState\Vertical</Filter>
    </ClInclude>
    <ClInclude Include="..\Public\Player_FrontJumpState.h">
      <Filter>02.GameObjects\Character\Player\State\BASE\JumpState\Front</Filter>
    </ClInclude>
    <ClInclude Include="..\Public\Player_StepState.h">
      <Filter>02.GameObjects\Character\Player\State\BASE\StepState</Filter>
    </ClInclude>
    <ClInclude Include="..\Public\Player_HandAttackState.h">
      <Filter>02.GameObjects\Character\Player\State\BASE\HandAttackState</Filter>
    </ClInclude>
    <ClInclude Include="..\Public\Face_Character.h">
      <Filter>02.GameObjects\Character\Parts\Face</Filter>
    </ClInclude>
    <ClInclude Include="..\Public\Head_Character.h">
      <Filter>02.GameObjects\Character\Parts\Head</Filter>
    </ClInclude>
    <ClInclude Include="..\Public\Player_HandAerialAttackState.h">
      <Filter>02.GameObjects\Character\Player\State\BASE\HandAttackState\HandAerialAttackState</Filter>
    </ClInclude>
    <ClInclude Include="..\Public\Weapon_Character.h">
      <Filter>02.GameObjects\Character\Parts\Weapon</Filter>
    </ClInclude>
    <ClInclude Include="..\Public\Player_SwordAttackState.h">
      <Filter>02.GameObjects\Character\Player\State\BASE\SwordAttackState</Filter>
    </ClInclude>
    <ClInclude Include="..\Public\Player_ChidoriAttackState.h">
      <Filter>02.GameObjects\Character\Player\State\SKILL\ChidoriState</Filter>
    </ClInclude>
    <ClInclude Include="..\Public\Player_ChidoriAerialReadyState.h">
      <Filter>02.GameObjects\Character\Player\State\SKILL\ChidoriState\Ready</Filter>
    </ClInclude>
    <ClInclude Include="..\Public\Player_FireBallState.h">
      <Filter>02.GameObjects\Character\Player\State\SKILL\FireBallState</Filter>
    </ClInclude>
    <ClInclude Include="..\Public\Player_AerialFireBallState.h">
      <Filter>02.GameObjects\Character\Player\State\SKILL\FireBallState</Filter>
    </ClInclude>
    <ClInclude Include="..\Public\Player_ChidoriReadyState.h">
      <Filter>02.GameObjects\Character\Player\State\SKILL\ChidoriState\Ready</Filter>
    </ClInclude>
    <ClInclude Include="..\Public\Player_SuperSharkState.h">
      <Filter>02.GameObjects\Character\Player\State\SKILL\SuperSharkState</Filter>
    </ClInclude>
    <ClInclude Include="..\Public\Player_RasenganState.h">
      <Filter>02.GameObjects\Character\Player\State\SKILL\RasenganState</Filter>
    </ClInclude>
    <ClInclude Include="..\Public\Player_RasenShurikenState.h">
      <Filter>02.GameObjects\Character\Player\State\SKILL\RasenShurikentState</Filter>
    </ClInclude>
    <ClInclude Include="..\Public\Player_KamuiState.h">
      <Filter>02.GameObjects\Character\Player\State\SKILL\KamuiState</Filter>
    </ClInclude>
    <ClInclude Include="..\Public\Player_RasenganReadyState.h">
      <Filter>02.GameObjects\Character\Player\State\SKILL\RasenganState</Filter>
    </ClInclude>
    <ClInclude Include="..\Public\Player_AerialRasenShurikenState.h">
      <Filter>02.GameObjects\Character\Player\State\SKILL\RasenShurikentState</Filter>
    </ClInclude>
    <ClInclude Include="..\Public\Player_BeatenState.h">
      <Filter>02.GameObjects\Character\Player\State\BASE\BeatenState</Filter>
    </ClInclude>
    <ClInclude Include="..\Public\Player_DuckingState.h">
      <Filter>02.GameObjects\Character\Player\State\BASE\DuckingState</Filter>
    </ClInclude>
    <ClInclude Include="..\Public\Player_SuperJumpState.h">
      <Filter>02.GameObjects\Character\Player\State\BASE\DuckingState</Filter>
    </ClInclude>
    <ClInclude Include="..\Public\WhiteJetsuState.h">
      <Filter>02.GameObjects\Enemy\Jetsu\State</Filter>
    </ClInclude>
    <ClInclude Include="..\Public\WhiteJetsu_IdleState.h">
      <Filter>02.GameObjects\Enemy\Jetsu\State\Idle</Filter>
    </ClInclude>
    <ClInclude Include="..\Public\WhiteJetsu_AttackState.h">
      <Filter>02.GameObjects\Enemy\Jetsu\State\Attack</Filter>
    </ClInclude>
    <ClInclude Include="..\Public\WhiteJetsu_RunState.h">
      <Filter>02.GameObjects\Enemy\Jetsu\State\Run</Filter>
    </ClInclude>
    <ClInclude Include="..\Public\Enemy.h">
      <Filter>02.GameObjects\Enemy</Filter>
    </ClInclude>
    <ClInclude Include="..\Public\WhiteJetsu.h">
      <Filter>02.GameObjects\Enemy\Jetsu</Filter>
    </ClInclude>
    <ClInclude Include="..\Public\Effect_CoolDown.h">
      <Filter>02.GameObjects\Effect</Filter>
    </ClInclude>
    <ClInclude Include="..\Public\Enemy_HPBar.h">
      <Filter>02.GameObjects\Enemy\HPBar</Filter>
    </ClInclude>
    <ClInclude Include="..\Public\Bird.h">
      <Filter>02.GameObjects\Enemy\Bird</Filter>
    </ClInclude>
    <ClInclude Include="..\Public\BirdState.h">
      <Filter>02.GameObjects\Enemy\Bird\State</Filter>
    </ClInclude>
    <ClInclude Include="..\Public\Bird_AttackState.h">
      <Filter>02.GameObjects\Enemy\Bird\State\Attack</Filter>
    </ClInclude>
    <ClInclude Include="..\Public\Bird_IdleState.h">
      <Filter>02.GameObjects\Enemy\Bird\State\Idle</Filter>
    </ClInclude>
    <ClInclude Include="..\Public\Bird_RunState.h">
      <Filter>02.GameObjects\Enemy\Bird\State\Run</Filter>
    </ClInclude>
    <ClInclude Include="..\Public\Camera_Manager.h">
      <Filter>96. GameManager\Managers</Filter>
    </ClInclude>
    <ClInclude Include="..\Public\Boxer.h">
      <Filter>02.GameObjects\Enemy\Boxer</Filter>
    </ClInclude>
  </ItemGroup>
  <ItemGroup>
    <Image Include="Client.ico">
      <Filter>98.Default</Filter>
    </Image>
    <Image Include="small.ico">
      <Filter>98.Default</Filter>
    </Image>
  </ItemGroup>
  <ItemGroup>
    <ResourceCompile Include="Client.rc">
      <Filter>98.Default</Filter>
    </ResourceCompile>
  </ItemGroup>
  <ItemGroup>
    <ClCompile Include="Client.cpp">
      <Filter>98.Default</Filter>
    </ClCompile>
    <ClCompile Include="..\Private\MainApp.cpp">
      <Filter>00.MainApp</Filter>
    </ClCompile>
    <ClCompile Include="..\Private\Level_Logo.cpp">
      <Filter>01.Levels\Logo</Filter>
    </ClCompile>
    <ClCompile Include="..\Private\Level_Loading.cpp">
      <Filter>01.Levels\Loading</Filter>
    </ClCompile>
    <ClCompile Include="..\Private\Level_GamePlay.cpp">
      <Filter>01.Levels\GamePlay</Filter>
    </ClCompile>
    <ClCompile Include="..\Private\Loader.cpp">
      <Filter>01.Levels\Loading\Loader</Filter>
    </ClCompile>
    <ClCompile Include="..\Private\Dummy.cpp">
      <Filter>02.GameObjects\Dummy</Filter>
    </ClCompile>
    <ClCompile Include="..\Private\Panel.cpp">
      <Filter>02.GameObjects\UI\Panel</Filter>
    </ClCompile>
    <ClCompile Include="..\Private\Button.cpp">
      <Filter>02.GameObjects\UI\Button</Filter>
    </ClCompile>
    <ClCompile Include="..\Private\TestButton.cpp">
      <Filter>02.GameObjects\UI\Button\TestButton</Filter>
    </ClCompile>
    <ClCompile Include="..\Private\TestPanel.cpp">
      <Filter>02.GameObjects\UI\Panel\TestPanel</Filter>
    </ClCompile>
    <ClCompile Include="..\Private\TimerPanel.cpp">
      <Filter>02.GameObjects\UI\Panel\Timer</Filter>
    </ClCompile>
    <ClCompile Include="..\Private\Terrain.cpp">
      <Filter>02.GameObjects\Terrain</Filter>
    </ClCompile>
    <ClCompile Include="..\Private\TitleUI.cpp">
      <Filter>02.GameObjects\UI\Panel\LOGO\LogoPanel\Title</Filter>
    </ClCompile>
    <ClCompile Include="..\Private\LogoPanel.cpp">
      <Filter>02.GameObjects\UI\Panel\LOGO\LogoPanel</Filter>
    </ClCompile>
    <ClCompile Include="..\Private\PressAnyButtonUI.cpp">
      <Filter>02.GameObjects\UI\Panel\LOGO\LogoPanel\PressAnyButton</Filter>
    </ClCompile>
    <ClCompile Include="..\Private\LoadingPanel.cpp">
      <Filter>02.GameObjects\UI\Panel\LOADING\LoadingPanel</Filter>
    </ClCompile>
    <ClCompile Include="..\Private\RotationIconUI.cpp">
      <Filter>02.GameObjects\UI\Panel\LOADING\LoadingPanel\RotationIcon</Filter>
    </ClCompile>
    <ClCompile Include="..\Private\LoadingBarPanel.cpp">
      <Filter>02.GameObjects\UI\Panel\LOADING\LoadingBarPanel</Filter>
    </ClCompile>
    <ClCompile Include="..\Private\GameManager.cpp">
      <Filter>96. GameManager</Filter>
    </ClCompile>
    <ClCompile Include="..\Private\QuestLog.cpp">
      <Filter>03. Quest</Filter>
    </ClCompile>
    <ClCompile Include="..\Private\ProgressBarUI.cpp">
      <Filter>02.GameObjects\UI\Panel\ProgressBar</Filter>
    </ClCompile>
    <ClCompile Include="..\Private\DecimalUI.cpp">
      <Filter>02.GameObjects\UI\Panel\Timer\Decimal</Filter>
    </ClCompile>
    <ClCompile Include="..\Private\Player.cpp">
      <Filter>02.GameObjects\Character\Player</Filter>
    </ClCompile>
    <ClCompile Include="..\Private\Character.cpp">
      <Filter>02.GameObjects\Character</Filter>
    </ClCompile>
    <ClCompile Include="..\Private\SkillSlotUI.cpp">
      <Filter>02.GameObjects\UI\Panel\GAMEPLAY\SkillSlotPanel\SkillSlot</Filter>
    </ClCompile>
    <ClCompile Include="..\Private\SkillSlotPanel.cpp">
      <Filter>02.GameObjects\UI\Panel\GAMEPLAY\SkillSlotPanel</Filter>
    </ClCompile>
    <ClCompile Include="..\Private\AttackTypePanel.cpp">
      <Filter>02.GameObjects\UI\Panel\GAMEPLAY\AttackTypePanel</Filter>
    </ClCompile>
    <ClCompile Include="..\Private\MissionAlertPanel.cpp">
      <Filter>02.GameObjects\UI\Panel\GAMEPLAY\MissionAlertPanel</Filter>
    </ClCompile>
    <ClCompile Include="..\Private\ComboKOPanel.cpp">
      <Filter>02.GameObjects\UI\Panel\GAMEPLAY\ComboKOPanel</Filter>
    </ClCompile>
    <ClCompile Include="..\Private\KonohaVillage.cpp">
      <Filter>02.GameObjects\Map\KonohaVillage</Filter>
    </ClCompile>
    <ClCompile Include="..\Private\KOUI.cpp">
      <Filter>02.GameObjects\UI\Panel\GAMEPLAY\ComboKOPanel\KO</Filter>
    </ClCompile>
    <ClCompile Include="..\Private\Level_OutfitSelect.cpp">
      <Filter>01.Levels\OutfitSelect</Filter>
    </ClCompile>
    <ClCompile Include="..\Private\OutfitSelectPanel.cpp">
      <Filter>02.GameObjects\UI\Panel\OUTFIT_SELECT\OutfitSelectPanel</Filter>
    </ClCompile>
    <ClCompile Include="..\Private\Mannequin.cpp">
      <Filter>02.GameObjects\Mannequin</Filter>
    </ClCompile>
    <ClCompile Include="..\Private\OutfitSelectCamera.cpp">
      <Filter>02.GameObjects\Camera\OutfitSelect</Filter>
    </ClCompile>
    <ClCompile Include="..\Private\TestCamera.cpp">
      <Filter>02.GameObjects\Camera\Test</Filter>
    </ClCompile>
    <ClCompile Include="..\Private\CreateCharacterUI.cpp">
      <Filter>02.GameObjects\UI\Panel\OUTFIT_SELECT\OutfitSelectPanel\CreateCharacter</Filter>
    </ClCompile>
    <ClCompile Include="..\Private\ModelPanel.cpp">
      <Filter>02.GameObjects\UI\Panel\OUTFIT_SELECT\ModelPanel</Filter>
    </ClCompile>
    <ClCompile Include="..\Private\ModelSelectButtonUI.cpp">
      <Filter>02.GameObjects\UI\Panel\OUTFIT_SELECT\ModelPanel\ModelSelectButton</Filter>
    </ClCompile>
    <ClCompile Include="..\Private\ModelDecideButtonUI.cpp">
      <Filter>02.GameObjects\UI\Panel\OUTFIT_SELECT\ModelPanel\ModelDecideButton</Filter>
    </ClCompile>
    <ClCompile Include="..\Private\Props.cpp">
      <Filter>02.GameObjects\MapObjects\Props</Filter>
    </ClCompile>
    <ClCompile Include="..\Private\Gate.cpp">
      <Filter>02.GameObjects\MapObjects\Gate</Filter>
    </ClCompile>
    <ClCompile Include="..\Private\Tree.cpp">
      <Filter>02.GameObjects\MapObjects\Tree</Filter>
    </ClCompile>
    <ClCompile Include="..\Private\TutorialMap.cpp">
      <Filter>02.GameObjects\Map\TutorialMap</Filter>
    </ClCompile>
    <ClCompile Include="..\Private\Upper_Character.cpp">
      <Filter>02.GameObjects\Character\Parts\Upper</Filter>
    </ClCompile>
    <ClCompile Include="..\Private\Lower_Character.cpp">
      <Filter>02.GameObjects\Character\Parts\Lower</Filter>
    </ClCompile>
    <ClCompile Include="..\Private\Parts_Character.cpp">
      <Filter>02.GameObjects\Character\Parts</Filter>
    </ClCompile>
    <ClCompile Include="..\Private\Player_IdleState.cpp">
      <Filter>02.GameObjects\Character\Player\State\BASE\IdleState</Filter>
    </ClCompile>
    <ClCompile Include="..\Private\Player_RunState.cpp">
      <Filter>02.GameObjects\Character\Player\State\BASE\RunState</Filter>
    </ClCompile>
    <ClCompile Include="..\Private\PlayerState.cpp">
      <Filter>02.GameObjects\Character\Player\State</Filter>
    </ClCompile>
    <ClCompile Include="..\Private\MainCamera.cpp">
      <Filter>02.GameObjects\Camera\Main</Filter>
    </ClCompile>
    <ClCompile Include="..\Private\Player_LandState.cpp">
      <Filter>02.GameObjects\Character\Player\State\BASE\LandState</Filter>
    </ClCompile>
    <ClCompile Include="..\Private\Player_JumpState.cpp">
      <Filter>02.GameObjects\Character\Player\State\BASE\JumpState\Vertical</Filter>
    </ClCompile>
    <ClCompile Include="..\Private\Player_FrontJumpState.cpp">
      <Filter>02.GameObjects\Character\Player\State\BASE\JumpState\Front</Filter>
    </ClCompile>
    <ClCompile Include="..\Private\Player_StepState.cpp">
      <Filter>02.GameObjects\Character\Player\State\BASE\StepState</Filter>
    </ClCompile>
    <ClCompile Include="..\Private\Player_HandAttackState.cpp">
      <Filter>02.GameObjects\Character\Player\State\BASE\HandAttackState</Filter>
    </ClCompile>
    <ClCompile Include="..\Private\Face_Character.cpp">
      <Filter>02.GameObjects\Character\Parts\Face</Filter>
    </ClCompile>
    <ClCompile Include="..\Private\Player_HandAerialAttackState.cpp">
      <Filter>02.GameObjects\Character\Player\State\BASE\HandAttackState\HandAerialAttackState</Filter>
    </ClCompile>
    <ClCompile Include="..\Private\Weapon_Character.cpp">
      <Filter>02.GameObjects\Character\Parts\Weapon</Filter>
    </ClCompile>
    <ClCompile Include="..\Private\Player_SwordAttackState.cpp">
      <Filter>02.GameObjects\Character\Player\State\BASE\SwordAttackState</Filter>
    </ClCompile>
    <ClCompile Include="..\Private\Player_ChidoriAttackState.cpp">
      <Filter>02.GameObjects\Character\Player\State\SKILL\ChidoriState</Filter>
    </ClCompile>
    <ClCompile Include="..\Private\Player_ChidoriReadyState.cpp">
      <Filter>02.GameObjects\Character\Player\State\SKILL\ChidoriState\Ready</Filter>
    </ClCompile>
    <ClCompile Include="..\Private\Player_ChidoriAerialReadyState.cpp">
      <Filter>02.GameObjects\Character\Player\State\SKILL\ChidoriState\Ready</Filter>
    </ClCompile>
    <ClCompile Include="..\Private\Player_FireBallState.cpp">
      <Filter>02.GameObjects\Character\Player\State\SKILL\FireBallState</Filter>
    </ClCompile>
    <ClCompile Include="..\Private\Player_AerialFireBallState.cpp">
      <Filter>02.GameObjects\Character\Player\State\SKILL\FireBallState</Filter>
    </ClCompile>
    <ClCompile Include="..\Private\Player_SuperSharkState.cpp">
      <Filter>02.GameObjects\Character\Player\State\SKILL\SuperSharkState</Filter>
    </ClCompile>
    <ClCompile Include="..\Private\Player_RasenganState.cpp">
      <Filter>02.GameObjects\Character\Player\State\SKILL\RasenganState</Filter>
    </ClCompile>
    <ClCompile Include="..\Private\Player_RasenShurikenState.cpp">
      <Filter>02.GameObjects\Character\Player\State\SKILL\RasenShurikentState</Filter>
    </ClCompile>
    <ClCompile Include="..\Private\Player_KamuiState.cpp">
      <Filter>02.GameObjects\Character\Player\State\SKILL\KamuiState</Filter>
    </ClCompile>
    <ClCompile Include="..\Private\Player_RasenganReadyState.cpp">
      <Filter>02.GameObjects\Character\Player\State\SKILL\RasenganState</Filter>
    </ClCompile>
    <ClCompile Include="..\Private\Player_AerialRasenShurikenState.cpp">
      <Filter>02.GameObjects\Character\Player\State\SKILL\RasenShurikentState</Filter>
    </ClCompile>
    <ClCompile Include="..\Private\Player_BeatenState.cpp">
      <Filter>02.GameObjects\Character\Player\State\BASE\BeatenState</Filter>
    </ClCompile>
    <ClCompile Include="..\Private\Player_DuckingState.cpp">
      <Filter>02.GameObjects\Character\Player\State\BASE\DuckingState</Filter>
    </ClCompile>
    <ClCompile Include="..\Private\Player_SuperJumpState.cpp">
      <Filter>02.GameObjects\Character\Player\State\BASE\DuckingState</Filter>
    </ClCompile>
    <ClCompile Include="..\Private\WhiteJetsuState.cpp">
      <Filter>02.GameObjects\Enemy\Jetsu\State</Filter>
    </ClCompile>
    <ClCompile Include="..\Private\WhiteJetsu_IdleState.cpp">
      <Filter>02.GameObjects\Enemy\Jetsu\State\Idle</Filter>
    </ClCompile>
    <ClCompile Include="..\Private\WhiteJetsu_AttackState.cpp">
      <Filter>02.GameObjects\Enemy\Jetsu\State\Attack</Filter>
    </ClCompile>
    <ClCompile Include="..\Private\WhiteJetsu_RunState.cpp">
      <Filter>02.GameObjects\Enemy\Jetsu\State\Run</Filter>
    </ClCompile>
    <ClCompile Include="..\Private\Enemy.cpp">
      <Filter>02.GameObjects\Enemy</Filter>
    </ClCompile>
    <ClCompile Include="..\Private\WhiteJetsu.cpp">
      <Filter>02.GameObjects\Enemy\Jetsu</Filter>
    </ClCompile>
    <ClCompile Include="..\Private\Effect_CoolDown.cpp">
      <Filter>02.GameObjects\Effect</Filter>
    </ClCompile>
    <ClCompile Include="..\Private\Enemy_HPBar.cpp">
      <Filter>02.GameObjects\Enemy\HPBar</Filter>
    </ClCompile>
    <ClCompile Include="..\Private\Bird.cpp">
      <Filter>02.GameObjects\Enemy\Bird</Filter>
    </ClCompile>
    <ClCompile Include="..\Private\BirdState.cpp">
      <Filter>02.GameObjects\Enemy\Bird\State</Filter>
    </ClCompile>
    <ClCompile Include="..\Private\Bird_IdleState.cpp">
      <Filter>02.GameObjects\Enemy\Bird\State\Idle</Filter>
    </ClCompile>
    <ClCompile Include="..\Private\Bird_RunState.cpp">
      <Filter>02.GameObjects\Enemy\Bird\State\Run</Filter>
    </ClCompile>
    <ClCompile Include="..\Private\Bird_AttackState.cpp">
      <Filter>02.GameObjects\Enemy\Bird\State\Run</Filter>
    </ClCompile>
    <ClCompile Include="..\Private\Camera_Manager.cpp">
      <Filter>96. GameManager\Managers</Filter>
    </ClCompile>
    <ClCompile Include="..\Private\Boxer.cpp">
      <Filter>02.GameObjects\Enemy\Boxer</Filter>
    </ClCompile>
    <ClCompile Include="..\Private\Head_Character.cpp">
      <Filter>02.GameObjects\Character\Parts\Head</Filter>
    </ClCompile>
  </ItemGroup>
  <ItemGroup>
    <FxCompile Include="..\Bin\ShaderFiles\Shader_VtxPosTex.hlsl">
      <Filter>97. ShaderFiles</Filter>
    </FxCompile>
    <FxCompile Include="..\Bin\ShaderFiles\Shader_VtxNorTex.hlsl">
      <Filter>97. ShaderFiles</Filter>
    </FxCompile>
    <FxCompile Include="..\Bin\ShaderFiles\Shader_VtxMesh.hlsl">
      <Filter>97. ShaderFiles</Filter>
    </FxCompile>
    <FxCompile Include="..\Bin\ShaderFiles\Shader_VtxAnimMesh.hlsl">
      <Filter>97. ShaderFiles</Filter>
    </FxCompile>
  </ItemGroup>
</Project>